
Microsoft Visual Studio Solution File, Format Version 12.00
# Visual Studio Version 17
VisualStudioVersion = 17.6.33723.286
MinimumVisualStudioVersion = 10.0.40219.1
Project("{FAE04EC0-301F-11D3-BF4B-00C04F79EFBC}") = "RedditAPI", "RedditAPI\RedditAPI.csproj", "{F224B87D-8AEF-46B9-A0D4-FEC4FCE2B045}"
EndProject
Project("{FAE04EC0-301F-11D3-BF4B-00C04F79EFBC}") = "BusinessAccessLayer", "BusinessAccessLayer\BusinessAccessLayer.csproj", "{0825F611-F538-4EB2-BA76-A982113510A1}"
EndProject
Project("{FAE04EC0-301F-11D3-BF4B-00C04F79EFBC}") = "DataAccessLayer", "DataAccessLayer\DataAccessLayer.csproj", "{2257E5A8-36CA-4590-9D94-3B3ABBB79F7A}"
EndProject
Project("{FAE04EC0-301F-11D3-BF4B-00C04F79EFBC}") = "Entities", "Entities\Entities.csproj", "{3209C61D-E3C9-4C92-BBC0-70C14A7E22A4}"
EndProject
Project("{FAE04EC0-301F-11D3-BF4B-00C04F79EFBC}") = "Common", "Common\Common.csproj", "{96B81FF4-275A-4ADF-9CED-036CAABFB65F}"
EndProject
Global
	GlobalSection(SolutionConfigurationPlatforms) = preSolution
		Debug|Any CPU = Debug|Any CPU
		Release|Any CPU = Release|Any CPU
	EndGlobalSection
	GlobalSection(ProjectConfigurationPlatforms) = postSolution
		{F224B87D-8AEF-46B9-A0D4-FEC4FCE2B045}.Debug|Any CPU.ActiveCfg = Debug|Any CPU
		{F224B87D-8AEF-46B9-A0D4-FEC4FCE2B045}.Debug|Any CPU.Build.0 = Debug|Any CPU
		{F224B87D-8AEF-46B9-A0D4-FEC4FCE2B045}.Release|Any CPU.ActiveCfg = Release|Any CPU
		{F224B87D-8AEF-46B9-A0D4-FEC4FCE2B045}.Release|Any CPU.Build.0 = Release|Any CPU
		{0825F611-F538-4EB2-BA76-A982113510A1}.Debug|Any CPU.ActiveCfg = Debug|Any CPU
		{0825F611-F538-4EB2-BA76-A982113510A1}.Debug|Any CPU.Build.0 = Debug|Any CPU
		{0825F611-F538-4EB2-BA76-A982113510A1}.Release|Any CPU.ActiveCfg = Release|Any CPU
		{0825F611-F538-4EB2-BA76-A982113510A1}.Release|Any CPU.Build.0 = Release|Any CPU
		{2257E5A8-36CA-4590-9D94-3B3ABBB79F7A}.Debug|Any CPU.ActiveCfg = Debug|Any CPU
		{2257E5A8-36CA-4590-9D94-3B3ABBB79F7A}.Debug|Any CPU.Build.0 = Debug|Any CPU
		{2257E5A8-36CA-4590-9D94-3B3ABBB79F7A}.Release|Any CPU.ActiveCfg = Release|Any CPU
		{2257E5A8-36CA-4590-9D94-3B3ABBB79F7A}.Release|Any CPU.Build.0 = Release|Any CPU
		{3209C61D-E3C9-4C92-BBC0-70C14A7E22A4}.Debug|Any CPU.ActiveCfg = Debug|Any CPU
		{3209C61D-E3C9-4C92-BBC0-70C14A7E22A4}.Debug|Any CPU.Build.0 = Debug|Any CPU
		{3209C61D-E3C9-4C92-BBC0-70C14A7E22A4}.Release|Any CPU.ActiveCfg = Release|Any CPU
		{3209C61D-E3C9-4C92-BBC0-70C14A7E22A4}.Release|Any CPU.Build.0 = Release|Any CPU
		{96B81FF4-275A-4ADF-9CED-036CAABFB65F}.Debug|Any CPU.ActiveCfg = Debug|Any CPU
		{96B81FF4-275A-4ADF-9CED-036CAABFB65F}.Debug|Any CPU.Build.0 = Debug|Any CPU
		{96B81FF4-275A-4ADF-9CED-036CAABFB65F}.Release|Any CPU.ActiveCfg = Release|Any CPU
		{96B81FF4-275A-4ADF-9CED-036CAABFB65F}.Release|Any CPU.Build.0 = Release|Any CPU
	EndGlobalSection
	GlobalSection(SolutionProperties) = preSolution
		HideSolutionNode = FALSE
	EndGlobalSection
	GlobalSection(ExtensibilityGlobals) = postSolution
		SolutionGuid = {4928CF9D-8C0B-4F49-BF8E-C8D229E7179D}
	EndGlobalSection
EndGlobal
